{
  "name": "atomic-protogen",
  "version": "1.0.0",
  "lockfileVersion": 3,
  "requires": true,
  "packages": {
    "": {
      "name": "atomic-protogen",
      "version": "1.0.0",
      "license": "ISC",
      "dependencies": {
        "folder-hash": "^4.1.1",
        "ts-proto": "^2.7.0",
        "zx": "^8.5.3"
      }
    },
    "node_modules/@bufbuild/protobuf": {
      "version": "2.2.5",
      "resolved": "https://registry.npmjs.org/@bufbuild/protobuf/-/protobuf-2.2.5.tgz",
      "integrity": "sha512-/g5EzJifw5GF8aren8wZ/G5oMuPoGeS6MQD3ca8ddcvdXR5UELUfdTZITCGNhNXynY/AYl3Z4plmxdj/tRl/hQ==",
      "license": "(Apache-2.0 AND BSD-3-Clause)"
    },
    "node_modules/balanced-match": {
      "version": "1.0.2",
      "resolved": "https://registry.npmjs.org/balanced-match/-/balanced-match-1.0.2.tgz",
      "integrity": "sha512-3oSeUO0TMV67hN1AmbXsK4yaqU7tjiHlbxRDZOpH0KW9+CeX4bRAaX0Anxt0tx2MrpRpWwQaPwIlISEJhYU5Pw==",
      "license": "MIT"
    },
    "node_modules/brace-expansion": {
      "version": "2.0.1",
      "resolved": "https://registry.npmjs.org/brace-expansion/-/brace-expansion-2.0.1.tgz",
      "integrity": "sha512-XnAIvQ8eM+kC6aULx6wuQiwVsnzsi9d3WxzV3FpWTGA19F621kwdbsAcFKXgKUHZWsy+mY6iL1sHTxWEFCytDA==",
      "license": "MIT",
      "dependencies": {
        "balanced-match": "^1.0.0"
      }
    },
    "node_modules/case-anything": {
      "version": "2.1.13",
      "resolved": "https://registry.npmjs.org/case-anything/-/case-anything-2.1.13.tgz",
      "integrity": "sha512-zlOQ80VrQ2Ue+ymH5OuM/DlDq64mEm+B9UTdHULv5osUMD6HalNTblf2b1u/m6QecjsnOkBpqVZ+XPwIVsy7Ng==",
      "license": "MIT",
      "engines": {
        "node": ">=12.13"
      },
      "funding": {
        "url": "https://github.com/sponsors/mesqueeb"
      }
    },
    "node_modules/debug": {
      "version": "4.4.0",
      "resolved": "https://registry.npmjs.org/debug/-/debug-4.4.0.tgz",
      "integrity": "sha512-6WTZ/IxCY/T6BALoZHaE4ctp9xm+Z5kY/pzYaCHRFeyVhojxlrm+46y68HA6hr0TcwEssoxNiDEUJQjfPZ/RYA==",
      "license": "MIT",
      "dependencies": {
        "ms": "^2.1.3"
      },
      "engines": {
        "node": ">=6.0"
      },
      "peerDependenciesMeta": {
        "supports-color": {
          "optional": true
        }
      }
    },
    "node_modules/detect-libc": {
      "version": "1.0.3",
      "resolved": "https://registry.npmjs.org/detect-libc/-/detect-libc-1.0.3.tgz",
      "integrity": "sha512-pGjwhsmsp4kL2RTz08wcOlGN83otlqHeD/Z5T8GXZB+/YcpQ/dgo+lbU8ZsGxV0HIvqqxo9l7mqYwyYMD9bKDg==",
      "license": "Apache-2.0",
      "bin": {
        "detect-libc": "bin/detect-libc.js"
      },
      "engines": {
        "node": ">=0.10"
      }
    },
    "node_modules/dprint-node": {
      "version": "1.0.8",
      "resolved": "https://registry.npmjs.org/dprint-node/-/dprint-node-1.0.8.tgz",
      "integrity": "sha512-iVKnUtYfGrYcW1ZAlfR/F59cUVL8QIhWoBJoSjkkdua/dkWIgjZfiLMeTjiB06X0ZLkQ0M2C1VbUj/CxkIf1zg==",
      "license": "MIT",
      "dependencies": {
        "detect-libc": "^1.0.3"
      }
    },
    "node_modules/folder-hash": {
      "version": "4.1.1",
      "resolved": "https://registry.npmjs.org/folder-hash/-/folder-hash-4.1.1.tgz",
      "integrity": "sha512-1ZSlKJSbET3XpglnEXC9g+QF4QRZhqHIjpFfa4pAMfO4tu/XYPafpeHEX6zOFS2EolOIXr0lPh1eSjmdWItX2w==",
      "license": "MIT",
      "dependencies": {
        "debug": "4.4.0",
        "minimatch": "7.4.6"
      },
      "bin": {
        "folder-hash": "bin/folder-hash"
      },
      "engines": {
        "node": ">=10.10.0"
      }
    },
    "node_modules/minimatch": {
      "version": "7.4.6",
      "resolved": "https://registry.npmjs.org/minimatch/-/minimatch-7.4.6.tgz",
      "integrity": "sha512-sBz8G/YjVniEz6lKPNpKxXwazJe4c19fEfV2GDMX6AjFz+MX9uDWIZW8XreVhkFW3fkIdTv/gxWr/Kks5FFAVw==",
      "license": "ISC",
      "dependencies": {
        "brace-expansion": "^2.0.1"
      },
      "engines": {
        "node": ">=10"
      },
      "funding": {
        "url": "https://github.com/sponsors/isaacs"
      }
    },
    "node_modules/ms": {
      "version": "2.1.3",
      "resolved": "https://registry.npmjs.org/ms/-/ms-2.1.3.tgz",
      "integrity": "sha512-6FlzubTLZG3J2a/NVCAleEhjzq5oxgHyaCU9yYXvcLsvoVaHJq/s5xXI6/XXP6tz7R9xAOtHnSO/tXtF3WRTlA==",
      "license": "MIT"
    },
    "node_modules/ts-poet": {
      "version": "6.11.0",
      "resolved": "https://registry.npmjs.org/ts-poet/-/ts-poet-6.11.0.tgz",
      "integrity": "sha512-r5AGF8vvb+GjBsnqiTqbLhN1/U2FJt6BI+k0dfCrkKzWvUhNlwMmq9nDHuucHs45LomgHjZPvYj96dD3JawjJA==",
      "license": "Apache-2.0",
      "dependencies": {
        "dprint-node": "^1.0.8"
      }
    },
    "node_modules/ts-proto": {
      "version": "2.7.0",
      "resolved": "https://registry.npmjs.org/ts-proto/-/ts-proto-2.7.0.tgz",
      "integrity": "sha512-BGHjse2wTOeswOqnnPKinpxmbaRd882so/e1En6ww59YMG7AO9Kg4vPpJcbVfrpBixPRDqHafXD/RDyd2T99GA==",
      "license": "ISC",
      "dependencies": {
        "@bufbuild/protobuf": "^2.0.0",
        "case-anything": "^2.1.13",
        "ts-poet": "^6.7.0",
        "ts-proto-descriptors": "2.0.0"
      },
      "bin": {
        "protoc-gen-ts_proto": "protoc-gen-ts_proto"
      }
    },
    "node_modules/ts-proto-descriptors": {
      "version": "2.0.0",
      "resolved": "https://registry.npmjs.org/ts-proto-descriptors/-/ts-proto-descriptors-2.0.0.tgz",
      "integrity": "sha512-wHcTH3xIv11jxgkX5OyCSFfw27agpInAd6yh89hKG6zqIXnjW9SYqSER2CVQxdPj4czeOhGagNvZBEbJPy7qkw==",
      "license": "ISC",
      "dependencies": {
        "@bufbuild/protobuf": "^2.0.0"
      }
    },
    "node_modules/zx": {
      "version": "8.5.3",
      "resolved": "https://registry.npmjs.org/zx/-/zx-8.5.3.tgz",
      "integrity": "sha512-TsGLAt8Ngr4wDXLZmN9BT+6FWVLFbqdQ0qpXkV3tIfH7F+MgN/WUeSY7W4nNqAntjWunmnRaznpyxtJRPhCbUQ==",
      "license": "Apache-2.0",
      "bin": {
        "zx": "build/cli.js"
      },
      "engines": {
        "node": ">= 12.17.0"
      }
    }
  }
}
